# THIS IS AN AUTOGENERATED FILE. DO NOT EDIT THIS FILE DIRECTLY.
# yarn lockfile v1


"@types/geojson@*":
  version "7946.0.7"
  resolved "https://registry.yarnpkg.com/@types/geojson/-/geojson-7946.0.7.tgz#c8fa532b60a0042219cdf173ca21a975ef0666ad"
  integrity sha512-wE2v81i4C4Ol09RtsWFAqg3BUitWbHSpSlIo+bNdsCJijO9sjme+zm+73ZMCa/qMC8UEERxzGbvmr1cffo2SiQ==

"@types/leaflet@^1.5.19":
  version "1.5.19"
  resolved "https://registry.yarnpkg.com/@types/leaflet/-/leaflet-1.5.19.tgz#f290e21fe7a4744d68bb4b0709e99ce490120e6e"
  integrity sha512-ZAKqfvdU/+KFoCpf8aUba09F8mfSc8R2esq++Cha3E2DgwS5K/I/4eJ+0JylrVHZivgY7PSAeXFv/izP+81/MQ==
  dependencies:
    "@types/geojson" "*"

esbuild@^0.8.21:
  version "0.8.21"
  resolved "https://registry.yarnpkg.com/esbuild/-/esbuild-0.8.21.tgz#c431f8af457795c2fecb1b2873cb8eaef4e5b53c"
  integrity sha512-vRRx5MZmiekw2R7jK5BppvBUFCJA0Zkl0wYxrDmyUvMPBcQC/xJvxJUM4R+Hgjgb3gp5P1W655AsuoqDeQQDVw==

leaflet@^1.7.1:
  version "1.7.1"
  resolved "https://registry.yarnpkg.com/leaflet/-/leaflet-1.7.1.tgz#10d684916edfe1bf41d688a3b97127c0322a2a19"
  integrity sha512-/xwPEBidtg69Q3HlqPdU3DnrXQOvQU/CCHA1tcDQVzOwm91YMYaILjNp7L4Eaw5Z4sOYdbBz6koWyibppd8Zqw==
